
Microsoft Visual Studio Solution File, Format Version 12.00
# Visual Studio Version 16
VisualStudioVersion = 16.0.29911.84
MinimumVisualStudioVersion = 10.0.40219.1
Project("{FAE04EC0-301F-11D3-BF4B-00C04F79EFBC}") = "WindowsFormsApp1", "WindowsFormsApp1\WindowsFormsApp1.csproj", "{5D2FF6CC-EAB2-413E-9734-1FEC76C59E65}"
EndProject
Global
	GlobalSection(SolutionConfigurationPlatforms) = preSolution
		Debug|Any CPU = Debug|Any CPU
		Release|Any CPU = Release|Any CPU
	EndGlobalSection
	GlobalSection(ProjectConfigurationPlatforms) = postSolution
		{5D2FF6CC-EAB2-413E-9734-1FEC76C59E65}.Debug|Any CPU.ActiveCfg = Debug|Any CPU
		{5D2FF6CC-EAB2-413E-9734-1FEC76C59E65}.Debug|Any CPU.Build.0 = Debug|Any CPU
		{5D2FF6CC-EAB2-413E-9734-1FEC76C59E65}.Release|Any CPU.ActiveCfg = Release|Any CPU
		{5D2FF6CC-EAB2-413E-9734-1FEC76C59E65}.Release|Any CPU.Build.0 = Release|Any CPU
	EndGlobalSection
	GlobalSection(SolutionProperties) = preSolution
		HideSolutionNode = FALSE
	EndGlobalSection
	GlobalSection(ExtensibilityGlobals) = postSolution
		SolutionGuid = {C61733FE-3550-426E-80A2-F39E74A58F4F}
	EndGlobalSection
EndGlobal
